
Microsoft Visual Studio Solution File, Format Version 12.00
# Visual Studio Version 17
VisualStudioVersion = 17.13.35919.96 d17.13
MinimumVisualStudioVersion = 10.0.40219.1
Project("{FAE04EC0-301F-11D3-BF4B-00C04F79EFBC}") = "BasicConsoleApp", "BasicConsoleApp.csproj", "{CF16ABE8-034C-48E6-8A6A-26738BEEE20C}"
EndProject
Global
	GlobalSection(SolutionConfigurationPlatforms) = preSolution
		Debug|Any CPU = Debug|Any CPU
		Release|Any CPU = Release|Any CPU
	EndGlobalSection
	GlobalSection(ProjectConfigurationPlatforms) = postSolution
		{CF16ABE8-034C-48E6-8A6A-26738BEEE20C}.Debug|Any CPU.ActiveCfg = Debug|Any CPU
		{CF16ABE8-034C-48E6-8A6A-26738BEEE20C}.Debug|Any CPU.Build.0 = Debug|Any CPU
		{CF16ABE8-034C-48E6-8A6A-26738BEEE20C}.Release|Any CPU.ActiveCfg = Release|Any CPU
		{CF16ABE8-034C-48E6-8A6A-26738BEEE20C}.Release|Any CPU.Build.0 = Release|Any CPU
	EndGlobalSection
	GlobalSection(SolutionProperties) = preSolution
		HideSolutionNode = FALSE
	EndGlobalSection
	GlobalSection(ExtensibilityGlobals) = postSolution
		SolutionGuid = {5BAF73E8-9961-42A6-BE23-956594E50534}
	EndGlobalSection
EndGlobal
